
Microsoft Visual Studio Solution File, Format Version 12.00
# Visual Studio Version 17
VisualStudioVersion = 17.9.34728.123
MinimumVisualStudioVersion = 10.0.40219.1
Project("{FAE04EC0-301F-11D3-BF4B-00C04F79EFBC}") = "SVPP_CS_WPF_Lab3_task1_Driving_license_(Modification)", "SVPP_CS_WPF_Lab3_task1_Driving_license_(Modification).csproj", "{12209C79-AE16-452C-812E-6209AA438817}"
EndProject
Global
	GlobalSection(SolutionConfigurationPlatforms) = preSolution
		Debug|Any CPU = Debug|Any CPU
		Release|Any CPU = Release|Any CPU
	EndGlobalSection
	GlobalSection(ProjectConfigurationPlatforms) = postSolution
		{12209C79-AE16-452C-812E-6209AA438817}.Debug|Any CPU.ActiveCfg = Debug|Any CPU
		{12209C79-AE16-452C-812E-6209AA438817}.Debug|Any CPU.Build.0 = Debug|Any CPU
		{12209C79-AE16-452C-812E-6209AA438817}.Release|Any CPU.ActiveCfg = Release|Any CPU
		{12209C79-AE16-452C-812E-6209AA438817}.Release|Any CPU.Build.0 = Release|Any CPU
	EndGlobalSection
	GlobalSection(SolutionProperties) = preSolution
		HideSolutionNode = FALSE
	EndGlobalSection
	GlobalSection(ExtensibilityGlobals) = postSolution
		SolutionGuid = {43A1CC94-C8D1-4BF7-ADC2-9221D121666C}
	EndGlobalSection
EndGlobal
